
Microsoft Visual Studio Solution File, Format Version 12.00
# Visual Studio Version 16
VisualStudioVersion = 16.0.30104.148
MinimumVisualStudioVersion = 10.0.40219.1
Project("{2150E333-8FDC-42A3-9474-1A3956D46DE8}") = "Solution Items", "Solution Items", "{C1863D01-CD68-4677-AB92-3B499B4EA626}"
	ProjectSection(SolutionItems) = preProject
		README.md = README.md
		Structure of project.pptx = Structure of project.pptx
	EndProjectSection
EndProject
Project("{9A19103F-16F7-4668-BE54-9A1E7A4F7556}") = "Server", "Proxy\Server.csproj", "{2EC36E75-7796-49CB-95DB-0B34AEB9D8EE}"
EndProject
Project("{9A19103F-16F7-4668-BE54-9A1E7A4F7556}") = "Client", "ClientNew\Client.csproj", "{2BCE0971-15D4-478C-9BF1-EECC0B62E920}"
EndProject
Project("{9A19103F-16F7-4668-BE54-9A1E7A4F7556}") = "TestLibrary", "Testing\TestLibrary\TestLibrary.csproj", "{FF511985-E9A0-42EE-BA78-7E1841A6C050}"
EndProject
Project("{9A19103F-16F7-4668-BE54-9A1E7A4F7556}") = "TestProgramm", "Testing\TestProgramm\TestProgramm.csproj", "{CB5263E5-ADE0-4E91-832B-64404B1DCE31}"
EndProject
Global
	GlobalSection(SolutionConfigurationPlatforms) = preSolution
		Debug|Any CPU = Debug|Any CPU
		Release|Any CPU = Release|Any CPU
	EndGlobalSection
	GlobalSection(ProjectConfigurationPlatforms) = postSolution
		{2EC36E75-7796-49CB-95DB-0B34AEB9D8EE}.Debug|Any CPU.ActiveCfg = Debug|Any CPU
		{2EC36E75-7796-49CB-95DB-0B34AEB9D8EE}.Debug|Any CPU.Build.0 = Debug|Any CPU
		{2EC36E75-7796-49CB-95DB-0B34AEB9D8EE}.Release|Any CPU.ActiveCfg = Release|Any CPU
		{2EC36E75-7796-49CB-95DB-0B34AEB9D8EE}.Release|Any CPU.Build.0 = Release|Any CPU
		{2BCE0971-15D4-478C-9BF1-EECC0B62E920}.Debug|Any CPU.ActiveCfg = Debug|Any CPU
		{2BCE0971-15D4-478C-9BF1-EECC0B62E920}.Debug|Any CPU.Build.0 = Debug|Any CPU
		{2BCE0971-15D4-478C-9BF1-EECC0B62E920}.Release|Any CPU.ActiveCfg = Release|Any CPU
		{2BCE0971-15D4-478C-9BF1-EECC0B62E920}.Release|Any CPU.Build.0 = Release|Any CPU
		{FF511985-E9A0-42EE-BA78-7E1841A6C050}.Debug|Any CPU.ActiveCfg = Debug|Any CPU
		{FF511985-E9A0-42EE-BA78-7E1841A6C050}.Debug|Any CPU.Build.0 = Debug|Any CPU
		{FF511985-E9A0-42EE-BA78-7E1841A6C050}.Release|Any CPU.ActiveCfg = Release|Any CPU
		{FF511985-E9A0-42EE-BA78-7E1841A6C050}.Release|Any CPU.Build.0 = Release|Any CPU
		{CB5263E5-ADE0-4E91-832B-64404B1DCE31}.Debug|Any CPU.ActiveCfg = Debug|Any CPU
		{CB5263E5-ADE0-4E91-832B-64404B1DCE31}.Debug|Any CPU.Build.0 = Debug|Any CPU
		{CB5263E5-ADE0-4E91-832B-64404B1DCE31}.Release|Any CPU.ActiveCfg = Release|Any CPU
		{CB5263E5-ADE0-4E91-832B-64404B1DCE31}.Release|Any CPU.Build.0 = Release|Any CPU
	EndGlobalSection
	GlobalSection(SolutionProperties) = preSolution
		HideSolutionNode = FALSE
	EndGlobalSection
	GlobalSection(ExtensibilityGlobals) = postSolution
		SolutionGuid = {B88EC793-EAA8-45B3-B097-DEB14FAD00DB}
	EndGlobalSection
EndGlobal
